
Microsoft Visual Studio Solution File, Format Version 12.00
# Visual Studio Version 16
VisualStudioVersion = 16.0.30804.86
MinimumVisualStudioVersion = 10.0.40219.1
Project("{9A19103F-16F7-4668-BE54-9A1E7A4F7556}") = "TaxAppTests", "TaxAppTests\TaxAppTests.csproj", "{D4790405-6139-46D9-9079-AA50FB90D4FE}"
EndProject
Project("{9A19103F-16F7-4668-BE54-9A1E7A4F7556}") = "TaxAppLibrary", "TaxAppLibrary\TaxAppLibrary.csproj", "{D403FE2A-BDDD-4478-8006-A11060848AD9}"
EndProject
Project("{9A19103F-16F7-4668-BE54-9A1E7A4F7556}") = "TaxAppConsole", "TaxAppConsole\TaxAppConsole.csproj", "{2442673C-9CC2-4864-8ACE-75AA59228377}"
EndProject
Global
	GlobalSection(SolutionConfigurationPlatforms) = preSolution
		Debug|Any CPU = Debug|Any CPU
		Release|Any CPU = Release|Any CPU
	EndGlobalSection
	GlobalSection(ProjectConfigurationPlatforms) = postSolution
		{D4790405-6139-46D9-9079-AA50FB90D4FE}.Debug|Any CPU.ActiveCfg = Debug|Any CPU
		{D4790405-6139-46D9-9079-AA50FB90D4FE}.Debug|Any CPU.Build.0 = Debug|Any CPU
		{D4790405-6139-46D9-9079-AA50FB90D4FE}.Release|Any CPU.ActiveCfg = Release|Any CPU
		{D4790405-6139-46D9-9079-AA50FB90D4FE}.Release|Any CPU.Build.0 = Release|Any CPU
		{D403FE2A-BDDD-4478-8006-A11060848AD9}.Debug|Any CPU.ActiveCfg = Debug|Any CPU
		{D403FE2A-BDDD-4478-8006-A11060848AD9}.Debug|Any CPU.Build.0 = Debug|Any CPU
		{D403FE2A-BDDD-4478-8006-A11060848AD9}.Release|Any CPU.ActiveCfg = Release|Any CPU
		{D403FE2A-BDDD-4478-8006-A11060848AD9}.Release|Any CPU.Build.0 = Release|Any CPU
		{2442673C-9CC2-4864-8ACE-75AA59228377}.Debug|Any CPU.ActiveCfg = Debug|Any CPU
		{2442673C-9CC2-4864-8ACE-75AA59228377}.Debug|Any CPU.Build.0 = Debug|Any CPU
		{2442673C-9CC2-4864-8ACE-75AA59228377}.Release|Any CPU.ActiveCfg = Release|Any CPU
		{2442673C-9CC2-4864-8ACE-75AA59228377}.Release|Any CPU.Build.0 = Release|Any CPU
	EndGlobalSection
	GlobalSection(SolutionProperties) = preSolution
		HideSolutionNode = FALSE
	EndGlobalSection
	GlobalSection(ExtensibilityGlobals) = postSolution
		SolutionGuid = {3EF15B87-3DD7-4987-BF47-BBFB6C3BD522}
	EndGlobalSection
EndGlobal
